{
  "name": "kuiper",
  "version": "0.1.0",
  "lockfileVersion": 3,
  "requires": true,
  "packages": {
    "": {
      "name": "kuiper",
      "version": "0.1.0",
      "dependencies": {
        "@napi-rs/canvas": "^0.1.97",
        "discord.js": "^14.14.1",
        "dotenv": "^16.4.5"
      }
    },
    "node_modules/@discordjs/builders": {
      "version": "1.14.1",
      "resolved": "https://registry.npmjs.org/@discordjs/builders/-/builders-1.14.1.tgz",
      "integrity": "sha512-gSKkhXLqs96TCzk66VZuHHl8z2bQMJFGwrXC0f33ngK+FLNau4hU1PYny3DNJfNdSH+gVMzE85/d5FQ2BpcNwQ==",
      "license": "Apache-2.0",
      "dependencies": {
        "@discordjs/formatters": "^0.6.2",
        "@discordjs/util": "^1.2.0",
        "@sapphire/shapeshift": "^4.0.0",
        "discord-api-types": "^0.38.40",
        "fast-deep-equal": "^3.1.3",
        "ts-mixer": "^6.0.4",
        "tslib": "^2.6.3"
      },
      "engines": {
        "node": ">=16.11.0"
      },
      "funding": {
        "url": "https://github.com/discordjs/discord.js?sponsor"
      }
    },
    "node_modules/@discordjs/collection": {
      "version": "1.5.3",
      "resolved": "https://registry.npmjs.org/@discordjs/collection/-/collection-1.5.3.tgz",
      "integrity": "sha512-SVb428OMd3WO1paV3rm6tSjM4wC+Kecaa1EUGX7vc6/fddvw/6lg90z4QtCqm21zvVe92vMMDt9+DkIvjXImQQ==",
      "license": "Apache-2.0",
      "engines": {
        "node": ">=16.11.0"
      }
    },
    "node_modules/@discordjs/formatters": {
      "version": "0.6.2",
      "resolved": "https://registry.npmjs.org/@discordjs/formatters/-/formatters-0.6.2.tgz",
      "integrity": "sha512-y4UPwWhH6vChKRkGdMB4odasUbHOUwy7KL+OVwF86PvT6QVOwElx+TiI1/6kcmcEe+g5YRXJFiXSXUdabqZOvQ==",
      "license": "Apache-2.0",
      "dependencies": {
        "discord-api-types": "^0.38.33"
      },
      "engines": {
        "node": ">=16.11.0"
      },
      "funding": {
        "url": "https://github.com/discordjs/discord.js?sponsor"
      }
    },
    "node_modules/@discordjs/rest": {
      "version": "2.6.1",
      "resolved": "https://registry.npmjs.org/@discordjs/rest/-/rest-2.6.1.tgz",
      "integrity": "sha512-wwQdgjeaoYFiaG+atbqx6aJDpqW7JHAo0HrQkBTbYzM3/PJ3GweQIpgElNcGZ26DCUOXMyawYd0YF7vtr+fZXg==",
      "license": "Apache-2.0",
      "dependencies": {
        "@discordjs/collection": "^2.1.1",
        "@discordjs/util": "^1.2.0",
        "@sapphire/async-queue": "^1.5.3",
        "@sapphire/snowflake": "^3.5.5",
        "@vladfrangu/async_event_emitter": "^2.4.6",
        "discord-api-types": "^0.38.40",
        "magic-bytes.js": "^1.13.0",
        "tslib": "^2.6.3",
        "undici": "6.24.1"
      },
      "engines": {
        "node": ">=18"
      },
      "funding": {
        "url": "https://github.com/discordjs/discord.js?sponsor"
      }
    },
    "node_modules/@discordjs/rest/node_modules/@discordjs/collection": {
      "version": "2.1.1",
      "resolved": "https://registry.npmjs.org/@discordjs/collection/-/collection-2.1.1.tgz",
      "integrity": "sha512-LiSusze9Tc7qF03sLCujF5iZp7K+vRNEDBZ86FT9aQAv3vxMLihUvKvpsCWiQ2DJq1tVckopKm1rxomgNUc9hg==",
      "license": "Apache-2.0",
      "engines": {
        "node": ">=18"
      },
      "funding": {
        "url": "https://github.com/discordjs/discord.js?sponsor"
      }
    },
    "node_modules/@discordjs/rest/node_modules/@sapphire/snowflake": {
      "version": "3.5.5",
      "resolved": "https://registry.npmjs.org/@sapphire/snowflake/-/snowflake-3.5.5.tgz",
      "integrity": "sha512-xzvBr1Q1c4lCe7i6sRnrofxeO1QTP/LKQ6A6qy0iB4x5yfiSfARMEQEghojzTNALDTcv8En04qYNIco9/K9eZQ==",
      "license": "MIT",
      "engines": {
        "node": ">=v14.0.0",
        "npm": ">=7.0.0"
      }
    },
    "node_modules/@discordjs/util": {
      "version": "1.2.0",
      "resolved": "https://registry.npmjs.org/@discordjs/util/-/util-1.2.0.tgz",
      "integrity": "sha512-3LKP7F2+atl9vJFhaBjn4nOaSWahZ/yWjOvA4e5pnXkt2qyXRCHLxoBQy81GFtLGCq7K9lPm9R517M1U+/90Qg==",
      "license": "Apache-2.0",
      "dependencies": {
        "discord-api-types": "^0.38.33"
      },
      "engines": {
        "node": ">=18"
      },
      "funding": {
        "url": "https://github.com/discordjs/discord.js?sponsor"
      }
    },
    "node_modules/@discordjs/ws": {
      "version": "1.2.3",
      "resolved": "https://registry.npmjs.org/@discordjs/ws/-/ws-1.2.3.tgz",
      "integrity": "sha512-wPlQDxEmlDg5IxhJPuxXr3Vy9AjYq5xCvFWGJyD7w7Np8ZGu+Mc+97LCoEc/+AYCo2IDpKioiH0/c/mj5ZR9Uw==",
      "license": "Apache-2.0",
      "dependencies": {
        "@discordjs/collection": "^2.1.0",
        "@discordjs/rest": "^2.5.1",
        "@discordjs/util": "^1.1.0",
        "@sapphire/async-queue": "^1.5.2",
        "@types/ws": "^8.5.10",
        "@vladfrangu/async_event_emitter": "^2.2.4",
        "discord-api-types": "^0.38.1",
        "tslib": "^2.6.2",
        "ws": "^8.17.0"
      },
      "engines": {
        "node": ">=16.11.0"
      },
      "funding": {
        "url": "https://github.com/discordjs/discord.js?sponsor"
      }
    },
    "node_modules/@discordjs/ws/node_modules/@discordjs/collection": {
      "version": "2.1.1",
      "resolved": "https://registry.npmjs.org/@discordjs/collection/-/collection-2.1.1.tgz",
      "integrity": "sha512-LiSusze9Tc7qF03sLCujF5iZp7K+vRNEDBZ86FT9aQAv3vxMLihUvKvpsCWiQ2DJq1tVckopKm1rxomgNUc9hg==",
      "license": "Apache-2.0",
      "engines": {
        "node": ">=18"
      },
      "funding": {
        "url": "https://github.com/discordjs/discord.js?sponsor"
      }
    },
    "node_modules/@napi-rs/canvas": {
      "version": "0.1.97",
      "resolved": "https://artifactory.danskenet.net/artifactory/api/npm/remote-npm-npmjs.org/@napi-rs/canvas/-/canvas-0.1.97.tgz",
      "integrity": "sha512-8cFniXvrIEnVwuNSRCW9wirRZbHvrD3JVujdS2P5n5xiJZNZMOZcfOvJ1pb66c7jXMKHHglJEDVJGbm8XWFcXQ==",
      "license": "MIT",
      "workspaces": [
        "e2e/*"
      ],
      "engines": {
        "node": ">= 10"
      },
      "funding": {
        "type": "github",
        "url": "https://github.com/sponsors/Brooooooklyn"
      },
      "optionalDependencies": {
        "@napi-rs/canvas-android-arm64": "0.1.97",
        "@napi-rs/canvas-darwin-arm64": "0.1.97",
        "@napi-rs/canvas-darwin-x64": "0.1.97",
        "@napi-rs/canvas-linux-arm-gnueabihf": "0.1.97",
        "@napi-rs/canvas-linux-arm64-gnu": "0.1.97",
        "@napi-rs/canvas-linux-arm64-musl": "0.1.97",
        "@napi-rs/canvas-linux-riscv64-gnu": "0.1.97",
        "@napi-rs/canvas-linux-x64-gnu": "0.1.97",
        "@napi-rs/canvas-linux-x64-musl": "0.1.97",
        "@napi-rs/canvas-win32-arm64-msvc": "0.1.97",
        "@napi-rs/canvas-win32-x64-msvc": "0.1.97"
      }
    },
    "node_modules/@napi-rs/canvas-android-arm64": {
      "version": "0.1.97",
      "resolved": "https://artifactory.danskenet.net/artifactory/api/npm/remote-npm-npmjs.org/@napi-rs/canvas-android-arm64/-/canvas-android-arm64-0.1.97.tgz",
      "integrity": "sha512-V1c/WVw+NzH8vk7ZK/O8/nyBSCQimU8sfMsB/9qeSvdkGKNU7+mxy/bIF0gTgeBFmHpj30S4E9WHMSrxXGQuVQ==",
      "cpu": [
        "arm64"
      ],
      "license": "MIT",
      "optional": true,
      "os": [
        "android"
      ],
      "engines": {
        "node": ">= 10"
      },
      "funding": {
        "type": "github",
        "url": "https://github.com/sponsors/Brooooooklyn"
      }
    },
    "node_modules/@napi-rs/canvas-darwin-arm64": {
      "version": "0.1.97",
      "resolved": "https://artifactory.danskenet.net/artifactory/api/npm/remote-npm-npmjs.org/@napi-rs/canvas-darwin-arm64/-/canvas-darwin-arm64-0.1.97.tgz",
      "integrity": "sha512-ok+SCEF4YejcxuJ9Rm+WWunHHpf2HmiPxfz6z1a/NFQECGXtsY7A4B8XocK1LmT1D7P174MzwPF9Wy3AUAwEPw==",
      "cpu": [
        "arm64"
      ],
      "license": "MIT",
      "optional": true,
      "os": [
        "darwin"
      ],
      "engines": {
        "node": ">= 10"
      },
      "funding": {
        "type": "github",
        "url": "https://github.com/sponsors/Brooooooklyn"
      }
    },
    "node_modules/@napi-rs/canvas-darwin-x64": {
      "version": "0.1.97",
      "resolved": "https://artifactory.danskenet.net/artifactory/api/npm/remote-npm-npmjs.org/@napi-rs/canvas-darwin-x64/-/canvas-darwin-x64-0.1.97.tgz",
      "integrity": "sha512-PUP6e6/UGlclUvAQNnuXCcnkpdUou6VYZfQOQxExLp86epOylmiwLkqXIvpFmjoTEDmPmXrI+coL/9EFU1gKPA==",
      "cpu": [
        "x64"
      ],
      "license": "MIT",
      "optional": true,
      "os": [
        "darwin"
      ],
      "engines": {
        "node": ">= 10"
      },
      "funding": {
        "type": "github",
        "url": "https://github.com/sponsors/Brooooooklyn"
      }
    },
    "node_modules/@napi-rs/canvas-linux-arm-gnueabihf": {
      "version": "0.1.97",
      "resolved": "https://artifactory.danskenet.net/artifactory/api/npm/remote-npm-npmjs.org/@napi-rs/canvas-linux-arm-gnueabihf/-/canvas-linux-arm-gnueabihf-0.1.97.tgz",
      "integrity": "sha512-XyXH2L/cic8eTNtbrXCcvqHtMX/nEOxN18+7rMrAM2XtLYC/EB5s0wnO1FsLMWmK+04ZSLN9FBGipo7kpIkcOw==",
      "cpu": [
        "arm"
      ],
      "license": "MIT",
      "optional": true,
      "os": [
        "linux"
      ],
      "engines": {
        "node": ">= 10"
      },
      "funding": {
        "type": "github",
        "url": "https://github.com/sponsors/Brooooooklyn"
      }
    },
    "node_modules/@napi-rs/canvas-linux-arm64-gnu": {
      "version": "0.1.97",
      "resolved": "https://artifactory.danskenet.net/artifactory/api/npm/remote-npm-npmjs.org/@napi-rs/canvas-linux-arm64-gnu/-/canvas-linux-arm64-gnu-0.1.97.tgz",
      "integrity": "sha512-Kuq/M3djq0K8ktgz6nPlK7Ne5d4uWeDxPpyKWOjWDK2RIOhHVtLtyLiJw2fuldw7Vn4mhw05EZXCEr4Q76rs9w==",
      "cpu": [
        "arm64"
      ],
      "license": "MIT",
      "optional": true,
      "os": [
        "linux"
      ],
      "engines": {
        "node": ">= 10"
      },
      "funding": {
        "type": "github",
        "url": "https://github.com/sponsors/Brooooooklyn"
      }
    },
    "node_modules/@napi-rs/canvas-linux-arm64-musl": {
      "version": "0.1.97",
      "resolved": "https://artifactory.danskenet.net/artifactory/api/npm/remote-npm-npmjs.org/@napi-rs/canvas-linux-arm64-musl/-/canvas-linux-arm64-musl-0.1.97.tgz",
      "integrity": "sha512-kKmSkQVnWeqg7qdsiXvYxKhAFuHz3tkBjW/zyQv5YKUPhotpaVhpBGv5LqCngzyuRV85SXoe+OFj+Tv0a0QXkQ==",
      "cpu": [
        "arm64"
      ],
      "license": "MIT",
      "optional": true,
      "os": [
        "linux"
      ],
      "engines": {
        "node": ">= 10"
      },
      "funding": {
        "type": "github",
        "url": "https://github.com/sponsors/Brooooooklyn"
      }
    },
    "node_modules/@napi-rs/canvas-linux-riscv64-gnu": {
      "version": "0.1.97",
      "resolved": "https://artifactory.danskenet.net/artifactory/api/npm/remote-npm-npmjs.org/@napi-rs/canvas-linux-riscv64-gnu/-/canvas-linux-riscv64-gnu-0.1.97.tgz",
      "integrity": "sha512-Jc7I3A51jnEOIAXeLsN/M/+Z28LUeakcsXs07FLq9prXc0eYOtVwsDEv913Gr+06IRo34gJJVgT0TXvmz+N2VA==",
      "cpu": [
        "riscv64"
      ],
      "license": "MIT",
      "optional": true,
      "os": [
        "linux"
      ],
      "engines": {
        "node": ">= 10"
      },
      "funding": {
        "type": "github",
        "url": "https://github.com/sponsors/Brooooooklyn"
      }
    },
    "node_modules/@napi-rs/canvas-linux-x64-gnu": {
      "version": "0.1.97",
      "resolved": "https://artifactory.danskenet.net/artifactory/api/npm/remote-npm-npmjs.org/@napi-rs/canvas-linux-x64-gnu/-/canvas-linux-x64-gnu-0.1.97.tgz",
      "integrity": "sha512-iDUBe7AilfuBSRbSa8/IGX38Mf+iCSBqoVKLSQ5XaY2JLOaqz1TVyPFEyIck7wT6mRQhQt5sN6ogfjIDfi74tg==",
      "cpu": [
        "x64"
      ],
      "license": "MIT",
      "optional": true,
      "os": [
        "linux"
      ],
      "engines": {
        "node": ">= 10"
      },
      "funding": {
        "type": "github",
        "url": "https://github.com/sponsors/Brooooooklyn"
      }
    },
    "node_modules/@napi-rs/canvas-linux-x64-musl": {
      "version": "0.1.97",
      "resolved": "https://artifactory.danskenet.net/artifactory/api/npm/remote-npm-npmjs.org/@napi-rs/canvas-linux-x64-musl/-/canvas-linux-x64-musl-0.1.97.tgz",
      "integrity": "sha512-AKLFd/v0Z5fvgqBDqhvqtAdx+fHMJ5t9JcUNKq4FIZ5WH+iegGm8HPdj00NFlCSnm83Fp3Ln8I2f7uq1aIiWaA==",
      "cpu": [
        "x64"
      ],
      "license": "MIT",
      "optional": true,
      "os": [
        "linux"
      ],
      "engines": {
        "node": ">= 10"
      },
      "funding": {
        "type": "github",
        "url": "https://github.com/sponsors/Brooooooklyn"
      }
    },
    "node_modules/@napi-rs/canvas-win32-arm64-msvc": {
      "version": "0.1.97",
      "resolved": "https://artifactory.danskenet.net/artifactory/api/npm/remote-npm-npmjs.org/@napi-rs/canvas-win32-arm64-msvc/-/canvas-win32-arm64-msvc-0.1.97.tgz",
      "integrity": "sha512-u883Yr6A6fO7Vpsy9YE4FVCIxzzo5sO+7pIUjjoDLjS3vQaNMkVzx5bdIpEL+ob+gU88WDK4VcxYMZ6nmnoX9A==",
      "cpu": [
        "arm64"
      ],
      "license": "MIT",
      "optional": true,
      "os": [
        "win32"
      ],
      "engines": {
        "node": ">= 10"
      },
      "funding": {
        "type": "github",
        "url": "https://github.com/sponsors/Brooooooklyn"
      }
    },
    "node_modules/@napi-rs/canvas-win32-x64-msvc": {
      "version": "0.1.97",
      "resolved": "https://artifactory.danskenet.net/artifactory/api/npm/remote-npm-npmjs.org/@napi-rs/canvas-win32-x64-msvc/-/canvas-win32-x64-msvc-0.1.97.tgz",
      "integrity": "sha512-sWtD2EE3fV0IzN+iiQUqr/Q1SwqWhs2O1FKItFlxtdDkikpEj5g7DKQpY3x55H/MAOnL8iomnlk3mcEeGiUMoQ==",
      "cpu": [
        "x64"
      ],
      "license": "MIT",
      "optional": true,
      "os": [
        "win32"
      ],
      "engines": {
        "node": ">= 10"
      },
      "funding": {
        "type": "github",
        "url": "https://github.com/sponsors/Brooooooklyn"
      }
    },
    "node_modules/@sapphire/async-queue": {
      "version": "1.5.5",
      "resolved": "https://registry.npmjs.org/@sapphire/async-queue/-/async-queue-1.5.5.tgz",
      "integrity": "sha512-cvGzxbba6sav2zZkH8GPf2oGk9yYoD5qrNWdu9fRehifgnFZJMV+nuy2nON2roRO4yQQ+v7MK/Pktl/HgfsUXg==",
      "license": "MIT",
      "engines": {
        "node": ">=v14.0.0",
        "npm": ">=7.0.0"
      }
    },
    "node_modules/@sapphire/shapeshift": {
      "version": "4.0.0",
      "resolved": "https://registry.npmjs.org/@sapphire/shapeshift/-/shapeshift-4.0.0.tgz",
      "integrity": "sha512-d9dUmWVA7MMiKobL3VpLF8P2aeanRTu6ypG2OIaEv/ZHH/SUQ2iHOVyi5wAPjQ+HmnMuL0whK9ez8I/raWbtIg==",
      "license": "MIT",
      "dependencies": {
        "fast-deep-equal": "^3.1.3",
        "lodash": "^4.17.21"
      },
      "engines": {
        "node": ">=v16"
      }
    },
    "node_modules/@sapphire/snowflake": {
      "version": "3.5.3",
      "resolved": "https://registry.npmjs.org/@sapphire/snowflake/-/snowflake-3.5.3.tgz",
      "integrity": "sha512-jjmJywLAFoWeBi1W7994zZyiNWPIiqRRNAmSERxyg93xRGzNYvGjlZ0gR6x0F4gPRi2+0O6S71kOZYyr3cxaIQ==",
      "license": "MIT",
      "engines": {
        "node": ">=v14.0.0",
        "npm": ">=7.0.0"
      }
    },
    "node_modules/@types/node": {
      "version": "25.5.2",
      "resolved": "https://registry.npmjs.org/@types/node/-/node-25.5.2.tgz",
      "integrity": "sha512-tO4ZIRKNC+MDWV4qKVZe3Ql/woTnmHDr5JD8UI5hn2pwBrHEwOEMZK7WlNb5RKB6EoJ02gwmQS9OrjuFnZYdpg==",
      "license": "MIT",
      "dependencies": {
        "undici-types": "~7.18.0"
      }
    },
    "node_modules/@types/ws": {
      "version": "8.18.1",
      "resolved": "https://registry.npmjs.org/@types/ws/-/ws-8.18.1.tgz",
      "integrity": "sha512-ThVF6DCVhA8kUGy+aazFQ4kXQ7E1Ty7A3ypFOe0IcJV8O/M511G99AW24irKrW56Wt44yG9+ij8FaqoBGkuBXg==",
      "license": "MIT",
      "dependencies": {
        "@types/node": "*"
      }
    },
    "node_modules/@vladfrangu/async_event_emitter": {
      "version": "2.4.7",
      "resolved": "https://registry.npmjs.org/@vladfrangu/async_event_emitter/-/async_event_emitter-2.4.7.tgz",
      "integrity": "sha512-Xfe6rpCTxSxfbswi/W/Pz7zp1WWSNn4A0eW4mLkQUewCrXXtMj31lCg+iQyTkh/CkusZSq9eDflu7tjEDXUY6g==",
      "license": "MIT",
      "engines": {
        "node": ">=v14.0.0",
        "npm": ">=7.0.0"
      }
    },
    "node_modules/discord-api-types": {
      "version": "0.38.44",
      "resolved": "https://registry.npmjs.org/discord-api-types/-/discord-api-types-0.38.44.tgz",
      "integrity": "sha512-q91MgBzP/gRaCLIbQTaOrOhbD8uVIaPKxpgX2sfFB2nZ9nSiTYM9P3NFQ7cbO6NCxctI6ODttc67MI+YhIfILg==",
      "license": "MIT",
      "workspaces": [
        "scripts/actions/documentation"
      ]
    },
    "node_modules/discord.js": {
      "version": "14.26.2",
      "resolved": "https://registry.npmjs.org/discord.js/-/discord.js-14.26.2.tgz",
      "integrity": "sha512-feShi+gULJ6R2MAA4/KkCFnkJcuVrROJrKk4czplzq8gE1oqhqgOy9K0Scu44B8oGeWKe04egquzf+ia6VtXAw==",
      "license": "Apache-2.0",
      "dependencies": {
        "@discordjs/builders": "^1.14.1",
        "@discordjs/collection": "1.5.3",
        "@discordjs/formatters": "^0.6.2",
        "@discordjs/rest": "^2.6.1",
        "@discordjs/util": "^1.2.0",
        "@discordjs/ws": "^1.2.3",
        "@sapphire/snowflake": "3.5.3",
        "discord-api-types": "^0.38.40",
        "fast-deep-equal": "3.1.3",
        "lodash.snakecase": "4.1.1",
        "magic-bytes.js": "^1.13.0",
        "tslib": "^2.6.3",
        "undici": "6.24.1"
      },
      "engines": {
        "node": ">=18"
      },
      "funding": {
        "url": "https://github.com/discordjs/discord.js?sponsor"
      }
    },
    "node_modules/dotenv": {
      "version": "16.6.1",
      "resolved": "https://registry.npmjs.org/dotenv/-/dotenv-16.6.1.tgz",
      "integrity": "sha512-uBq4egWHTcTt33a72vpSG0z3HnPuIl6NqYcTrKEg2azoEyl2hpW0zqlxysq2pK9HlDIHyHyakeYaYnSAwd8bow==",
      "license": "BSD-2-Clause",
      "engines": {
        "node": ">=12"
      },
      "funding": {
        "url": "https://dotenvx.com"
      }
    },
    "node_modules/fast-deep-equal": {
      "version": "3.1.3",
      "resolved": "https://registry.npmjs.org/fast-deep-equal/-/fast-deep-equal-3.1.3.tgz",
      "integrity": "sha512-f3qQ9oQy9j2AhBe/H9VC91wLmKBCCU/gDOnKNAYG5hswO7BLKj09Hc5HYNz9cGI++xlpDCIgDaitVs03ATR84Q==",
      "license": "MIT"
    },
    "node_modules/lodash": {
      "version": "4.18.1",
      "resolved": "https://registry.npmjs.org/lodash/-/lodash-4.18.1.tgz",
      "integrity": "sha512-dMInicTPVE8d1e5otfwmmjlxkZoUpiVLwyeTdUsi/Caj/gfzzblBcCE5sRHV/AsjuCmxWrte2TNGSYuCeCq+0Q==",
      "license": "MIT"
    },
    "node_modules/lodash.snakecase": {
      "version": "4.1.1",
      "resolved": "https://registry.npmjs.org/lodash.snakecase/-/lodash.snakecase-4.1.1.tgz",
      "integrity": "sha512-QZ1d4xoBHYUeuouhEq3lk3Uq7ldgyFXGBhg04+oRLnIz8o9T65Eh+8YdroUwn846zchkA9yDsDl5CVVaV2nqYw==",
      "license": "MIT"
    },
    "node_modules/magic-bytes.js": {
      "version": "1.13.0",
      "resolved": "https://registry.npmjs.org/magic-bytes.js/-/magic-bytes.js-1.13.0.tgz",
      "integrity": "sha512-afO2mnxW7GDTXMm5/AoN1WuOcdoKhtgXjIvHmobqTD1grNplhGdv3PFOyjCVmrnOZBIT/gD/koDKpYG+0mvHcg==",
      "license": "MIT"
    },
    "node_modules/ts-mixer": {
      "version": "6.0.4",
      "resolved": "https://registry.npmjs.org/ts-mixer/-/ts-mixer-6.0.4.tgz",
      "integrity": "sha512-ufKpbmrugz5Aou4wcr5Wc1UUFWOLhq+Fm6qa6P0w0K5Qw2yhaUoiWszhCVuNQyNwrlGiscHOmqYoAox1PtvgjA==",
      "license": "MIT"
    },
    "node_modules/tslib": {
      "version": "2.8.1",
      "resolved": "https://registry.npmjs.org/tslib/-/tslib-2.8.1.tgz",
      "integrity": "sha512-oJFu94HQb+KVduSUQL7wnpmqnfmLsOA/nAh6b6EH0wCEoK0/mPeXU6c3wKDV83MkOuHPRHtSXKKU99IBazS/2w==",
      "license": "0BSD"
    },
    "node_modules/undici": {
      "version": "6.24.1",
      "resolved": "https://registry.npmjs.org/undici/-/undici-6.24.1.tgz",
      "integrity": "sha512-sC+b0tB1whOCzbtlx20fx3WgCXwkW627p4EA9uM+/tNNPkSS+eSEld6pAs9nDv7WbY1UUljBMYPtu9BCOrCWKA==",
      "license": "MIT",
      "engines": {
        "node": ">=18.17"
      }
    },
    "node_modules/undici-types": {
      "version": "7.18.2",
      "resolved": "https://registry.npmjs.org/undici-types/-/undici-types-7.18.2.tgz",
      "integrity": "sha512-AsuCzffGHJybSaRrmr5eHr81mwJU3kjw6M+uprWvCXiNeN9SOGwQ3Jn8jb8m3Z6izVgknn1R0FTCEAP2QrLY/w==",
      "license": "MIT"
    },
    "node_modules/ws": {
      "version": "8.20.0",
      "resolved": "https://registry.npmjs.org/ws/-/ws-8.20.0.tgz",
      "integrity": "sha512-sAt8BhgNbzCtgGbt2OxmpuryO63ZoDk/sqaB/znQm94T4fCEsy/yV+7CdC1kJhOU9lboAEU7R3kquuycDoibVA==",
      "license": "MIT",
      "engines": {
        "node": ">=10.0.0"
      },
      "peerDependencies": {
        "bufferutil": "^4.0.1",
        "utf-8-validate": ">=5.0.2"
      },
      "peerDependenciesMeta": {
        "bufferutil": {
          "optional": true
        },
        "utf-8-validate": {
          "optional": true
        }
      }
    }
  }
}
